// !$*UTF8*$!
{
	archiveVersion = 1;
	classes = {
	};
	objectVersion = 52;
	objects = {

/* Begin PBXBuildFile section */
		400779E624B6015B0096E17B /* CardView.swift in Sources */ = {isa = PBXBuildFile; fileRef = 400779E524B6015B0096E17B /* CardView.swift */; };
		400779E824B67C8D0096E17B /* CardStackView.swift in Sources */ = {isa = PBXBuildFile; fileRef = 400779E724B67C8D0096E17B /* CardStackView.swift */; };
		406077E024BFB58E005746B8 /* CardStack in Frameworks */ = {isa = PBXBuildFile; productRef = 406077DF24BFB58E005746B8 /* CardStack */; };
		407CB9FD24AC3BC700F698CB /* FavoritesView.swift in Sources */ = {isa = PBXBuildFile; fileRef = 407CB9FC24AC3BC700F698CB /* FavoritesView.swift */; };
		407CB9FF24ACBECB00F698CB /* CharacterListView.swift in Sources */ = {isa = PBXBuildFile; fileRef = 407CB9FE24ACBECB00F698CB /* CharacterListView.swift */; };
		407CBA0224AD491E00F698CB /* CharacterCellView.swift in Sources */ = {isa = PBXBuildFile; fileRef = 407CBA0124AD491E00F698CB /* CharacterCellView.swift */; };
		40A5207624A8CBDD00A1843F /* AppDelegate.swift in Sources */ = {isa = PBXBuildFile; fileRef = 40A5207524A8CBDD00A1843F /* AppDelegate.swift */; };
		40A5207824A8CBDD00A1843F /* SceneDelegate.swift in Sources */ = {isa = PBXBuildFile; fileRef = 40A5207724A8CBDD00A1843F /* SceneDelegate.swift */; };
		40A5207A24A8CBDD00A1843F /* ContentView.swift in Sources */ = {isa = PBXBuildFile; fileRef = 40A5207924A8CBDD00A1843F /* ContentView.swift */; };
		40A5207C24A8CBE000A1843F /* Assets.xcassets in Resources */ = {isa = PBXBuildFile; fileRef = 40A5207B24A8CBE000A1843F /* Assets.xcassets */; };
		40A5207F24A8CBE000A1843F /* Preview Assets.xcassets in Resources */ = {isa = PBXBuildFile; fileRef = 40A5207E24A8CBE000A1843F /* Preview Assets.xcassets */; };
		40A5208224A8CBE000A1843F /* LaunchScreen.storyboard in Resources */ = {isa = PBXBuildFile; fileRef = 40A5208024A8CBE000A1843F /* LaunchScreen.storyboard */; };
		40A5208A24A8F4B500A1843F /* DetailView.swift in Sources */ = {isa = PBXBuildFile; fileRef = 40A5208924A8F4B500A1843F /* DetailView.swift */; };
		40A5208C24A938D300A1843F /* Controller.swift in Sources */ = {isa = PBXBuildFile; fileRef = 40A5208B24A938D300A1843F /* Controller.swift */; };
		40A5208F24A939FA00A1843F /* URLImage in Frameworks */ = {isa = PBXBuildFile; productRef = 40A5208E24A939FA00A1843F /* URLImage */; };
/* End PBXBuildFile section */

/* Begin PBXFileReference section */
		400779E524B6015B0096E17B /* CardView.swift */ = {isa = PBXFileReference; lastKnownFileType = sourcecode.swift; path = CardView.swift; sourceTree = "<group>"; };
		400779E724B67C8D0096E17B /* CardStackView.swift */ = {isa = PBXFileReference; lastKnownFileType = sourcecode.swift; path = CardStackView.swift; sourceTree = "<group>"; };
		407CB9FC24AC3BC700F698CB /* FavoritesView.swift */ = {isa = PBXFileReference; lastKnownFileType = sourcecode.swift; path = FavoritesView.swift; sourceTree = "<group>"; };
		407CB9FE24ACBECB00F698CB /* CharacterListView.swift */ = {isa = PBXFileReference; lastKnownFileType = sourcecode.swift; path = CharacterListView.swift; sourceTree = "<group>"; };
		407CBA0124AD491E00F698CB /* CharacterCellView.swift */ = {isa = PBXFileReference; lastKnownFileType = sourcecode.swift; path = CharacterCellView.swift; sourceTree = "<group>"; };
		407CBA0324AD495500F698CB /* todo.md */ = {isa = PBXFileReference; lastKnownFileType = net.daringfireball.markdown; path = todo.md; sourceTree = "<group>"; };
		40A5207224A8CBDD00A1843F /* Rick and Morty 'Plorer.app */ = {isa = PBXFileReference; explicitFileType = wrapper.application; includeInIndex = 0; path = "Rick and Morty 'Plorer.app"; sourceTree = BUILT_PRODUCTS_DIR; };
		40A5207524A8CBDD00A1843F /* AppDelegate.swift */ = {isa = PBXFileReference; lastKnownFileType = sourcecode.swift; path = AppDelegate.swift; sourceTree = "<group>"; };
		40A5207724A8CBDD00A1843F /* SceneDelegate.swift */ = {isa = PBXFileReference; lastKnownFileType = sourcecode.swift; path = SceneDelegate.swift; sourceTree = "<group>"; };
		40A5207924A8CBDD00A1843F /* ContentView.swift */ = {isa = PBXFileReference; lastKnownFileType = sourcecode.swift; path = ContentView.swift; sourceTree = "<group>"; };
		40A5207B24A8CBE000A1843F /* Assets.xcassets */ = {isa = PBXFileReference; lastKnownFileType = folder.assetcatalog; path = Assets.xcassets; sourceTree = "<group>"; };
		40A5207E24A8CBE000A1843F /* Preview Assets.xcassets */ = {isa = PBXFileReference; lastKnownFileType = folder.assetcatalog; path = "Preview Assets.xcassets"; sourceTree = "<group>"; };
		40A5208124A8CBE000A1843F /* Base */ = {isa = PBXFileReference; lastKnownFileType = file.storyboard; name = Base; path = Base.lproj/LaunchScreen.storyboard; sourceTree = "<group>"; };
		40A5208324A8CBE000A1843F /* Info.plist */ = {isa = PBXFileReference; lastKnownFileType = text.plist.xml; path = Info.plist; sourceTree = "<group>"; };
		40A5208924A8F4B500A1843F /* DetailView.swift */ = {isa = PBXFileReference; lastKnownFileType = sourcecode.swift; path = DetailView.swift; sourceTree = "<group>"; };
		40A5208B24A938D300A1843F /* Controller.swift */ = {isa = PBXFileReference; lastKnownFileType = sourcecode.swift; path = Controller.swift; sourceTree = "<group>"; };
/* End PBXFileReference section */

/* Begin PBXFrameworksBuildPhase section */
		40A5206F24A8CBDD00A1843F /* Frameworks */ = {
			isa = PBXFrameworksBuildPhase;
			buildActionMask = 2147483647;
			files = (
				40A5208F24A939FA00A1843F /* URLImage in Frameworks */,
				406077E024BFB58E005746B8 /* CardStack in Frameworks */,
			);
			runOnlyForDeploymentPostprocessing = 0;
		};
/* End PBXFrameworksBuildPhase section */

/* Begin PBXGroup section */
		407CBA0024ACC2EE00F698CB /* Views */ = {
			isa = PBXGroup;
			children = (
				40A5207924A8CBDD00A1843F /* ContentView.swift */,
				40A5208924A8F4B500A1843F /* DetailView.swift */,
				407CB9FC24AC3BC700F698CB /* FavoritesView.swift */,
				407CB9FE24ACBECB00F698CB /* CharacterListView.swift */,
				407CBA0124AD491E00F698CB /* CharacterCellView.swift */,
				400779E524B6015B0096E17B /* CardView.swift */,
				400779E724B67C8D0096E17B /* CardStackView.swift */,
			);
			path = Views;
			sourceTree = "<group>";
		};
		40A5206924A8CBDD00A1843F = {
			isa = PBXGroup;
			children = (
				40A5207424A8CBDD00A1843F /* SWAPI-AGAIN */,
				40A5207324A8CBDD00A1843F /* Products */,
			);
			sourceTree = "<group>";
		};
		40A5207324A8CBDD00A1843F /* Products */ = {
			isa = PBXGroup;
			children = (
				40A5207224A8CBDD00A1843F /* Rick and Morty 'Plorer.app */,
			);
			name = Products;
			sourceTree = "<group>";
		};
		40A5207424A8CBDD00A1843F /* SWAPI-AGAIN */ = {
			isa = PBXGroup;
			children = (
				407CBA0024ACC2EE00F698CB /* Views */,
				40A5207524A8CBDD00A1843F /* AppDelegate.swift */,
				40A5207724A8CBDD00A1843F /* SceneDelegate.swift */,
				40A5207B24A8CBE000A1843F /* Assets.xcassets */,
				40A5208024A8CBE000A1843F /* LaunchScreen.storyboard */,
				40A5208324A8CBE000A1843F /* Info.plist */,
				40A5207D24A8CBE000A1843F /* Preview Content */,
				40A5208B24A938D300A1843F /* Controller.swift */,
				407CBA0324AD495500F698CB /* todo.md */,
			);
			path = "SWAPI-AGAIN";
			sourceTree = "<group>";
		};
		40A5207D24A8CBE000A1843F /* Preview Content */ = {
			isa = PBXGroup;
			children = (
				40A5207E24A8CBE000A1843F /* Preview Assets.xcassets */,
			);
			path = "Preview Content";
			sourceTree = "<group>";
		};
/* End PBXGroup section */

/* Begin PBXNativeTarget section */
		40A5207124A8CBDD00A1843F /* SWAPI-AGAIN */ = {
			isa = PBXNativeTarget;
			buildConfigurationList = 40A5208624A8CBE000A1843F /* Build configuration list for PBXNativeTarget "SWAPI-AGAIN" */;
			buildPhases = (
				40A5206E24A8CBDD00A1843F /* Sources */,
				40A5206F24A8CBDD00A1843F /* Frameworks */,
				40A5207024A8CBDD00A1843F /* Resources */,
			);
			buildRules = (
			);
			dependencies = (
			);
			name = "SWAPI-AGAIN";
			packageProductDependencies = (
				40A5208E24A939FA00A1843F /* URLImage */,
				406077DF24BFB58E005746B8 /* CardStack */,
			);
			productName = "SWAPI-AGAIN";
			productReference = 40A5207224A8CBDD00A1843F /* Rick and Morty 'Plorer.app */;
			productType = "com.apple.product-type.application";
		};
/* End PBXNativeTarget section */

/* Begin PBXProject section */
		40A5206A24A8CBDD00A1843F /* Project object */ = {
			isa = PBXProject;
			attributes = {
				LastSwiftUpdateCheck = 1150;
				LastUpgradeCheck = 1150;
				ORGANIZATIONNAME = "Nikita Hasis";
				TargetAttributes = {
					40A5207124A8CBDD00A1843F = {
						CreatedOnToolsVersion = 11.5;
					};
				};
			};
			buildConfigurationList = 40A5206D24A8CBDD00A1843F /* Build configuration list for PBXProject "SWAPI-AGAIN" */;
			compatibilityVersion = "Xcode 9.3";
			developmentRegion = en;
			hasScannedForEncodings = 0;
			knownRegions = (
				en,
				Base,
			);
			mainGroup = 40A5206924A8CBDD00A1843F;
			packageReferences = (
				40A5208D24A939FA00A1843F /* XCRemoteSwiftPackageReference "url-image" */,
				406077DE24BFB58E005746B8 /* XCRemoteSwiftPackageReference "SwiftUI-CardStackView" */,
			);
			productRefGroup = 40A5207324A8CBDD00A1843F /* Products */;
			projectDirPath = "";
			projectRoot = "";
			targets = (
				40A5207124A8CBDD00A1843F /* SWAPI-AGAIN */,
			);
		};
/* End PBXProject section */

/* Begin PBXResourcesBuildPhase section */
		40A5207024A8CBDD00A1843F /* Resources */ = {
			isa = PBXResourcesBuildPhase;
			buildActionMask = 2147483647;
			files = (
				40A5208224A8CBE000A1843F /* LaunchScreen.storyboard in Resources */,
				40A5207F24A8CBE000A1843F /* Preview Assets.xcassets in Resources */,
				40A5207C24A8CBE000A1843F /* Assets.xcassets in Resources */,
			);
			runOnlyForDeploymentPostprocessing = 0;
		};
/* End PBXResourcesBuildPhase section */

/* Begin PBXSourcesBuildPhase section */
		40A5206E24A8CBDD00A1843F /* Sources */ = {
			isa = PBXSourcesBuildPhase;
			buildActionMask = 2147483647;
			files = (
				40A5208C24A938D300A1843F /* Controller.swift in Sources */,
				400779E624B6015B0096E17B /* CardView.swift in Sources */,
				40A5207624A8CBDD00A1843F /* AppDelegate.swift in Sources */,
				407CBA0224AD491E00F698CB /* CharacterCellView.swift in Sources */,
				407CB9FF24ACBECB00F698CB /* CharacterListView.swift in Sources */,
				400779E824B67C8D0096E17B /* CardStackView.swift in Sources */,
				407CB9FD24AC3BC700F698CB /* FavoritesView.swift in Sources */,
				40A5208A24A8F4B500A1843F /* DetailView.swift in Sources */,
				40A5207824A8CBDD00A1843F /* SceneDelegate.swift in Sources */,
				40A5207A24A8CBDD00A1843F /* ContentView.swift in Sources */,
			);
			runOnlyForDeploymentPostprocessing = 0;
		};
/* End PBXSourcesBuildPhase section */

/* Begin PBXVariantGroup section */
		40A5208024A8CBE000A1843F /* LaunchScreen.storyboard */ = {
			isa = PBXVariantGroup;
			children = (
				40A5208124A8CBE000A1843F /* Base */,
			);
			name = LaunchScreen.storyboard;
			sourceTree = "<group>";
		};
/* End PBXVariantGroup section */

/* Begin XCBuildConfiguration section */
		40A5208424A8CBE000A1843F /* Debug */ = {
			isa = XCBuildConfiguration;
			buildSettings = {
				ALWAYS_SEARCH_USER_PATHS = NO;
				CLANG_ANALYZER_NONNULL = YES;
				CLANG_ANALYZER_NUMBER_OBJECT_CONVERSION = YES_AGGRESSIVE;
				CLANG_CXX_LANGUAGE_STANDARD = "gnu++14";
				CLANG_CXX_LIBRARY = "libc++";
				CLANG_ENABLE_MODULES = YES;
				CLANG_ENABLE_OBJC_ARC = YES;
				CLANG_ENABLE_OBJC_WEAK = YES;
				CLANG_WARN_BLOCK_CAPTURE_AUTORELEASING = YES;
				CLANG_WARN_BOOL_CONVERSION = YES;
				CLANG_WARN_COMMA = YES;
				CLANG_WARN_CONSTANT_CONVERSION = YES;
				CLANG_WARN_DEPRECATED_OBJC_IMPLEMENTATIONS = YES;
				CLANG_WARN_DIRECT_OBJC_ISA_USAGE = YES_ERROR;
				CLANG_WARN_DOCUMENTATION_COMMENTS = YES;
				CLANG_WARN_EMPTY_BODY = YES;
				CLANG_WARN_ENUM_CONVERSION = YES;
				CLANG_WARN_INFINITE_RECURSION = YES;
				CLANG_WARN_INT_CONVERSION = YES;
				CLANG_WARN_NON_LITERAL_NULL_CONVERSION = YES;
				CLANG_WARN_OBJC_IMPLICIT_RETAIN_SELF = YES;
				CLANG_WARN_OBJC_LITERAL_CONVERSION = YES;
				CLANG_WARN_OBJC_ROOT_CLASS = YES_ERROR;
				CLANG_WARN_RANGE_LOOP_ANALYSIS = YES;
				CLANG_WARN_STRICT_PROTOTYPES = YES;
				CLANG_WARN_SUSPICIOUS_MOVE = YES;
				CLANG_WARN_UNGUARDED_AVAILABILITY = YES_AGGRESSIVE;
				CLANG_WARN_UNREACHABLE_CODE = YES;
				CLANG_WARN__DUPLICATE_METHOD_MATCH = YES;
				COPY_PHASE_STRIP = NO;
				DEBUG_INFORMATION_FORMAT = dwarf;
				ENABLE_STRICT_OBJC_MSGSEND = YES;
				ENABLE_TESTABILITY = YES;
				GCC_C_LANGUAGE_STANDARD = gnu11;
				GCC_DYNAMIC_NO_PIC = NO;
				GCC_NO_COMMON_BLOCKS = YES;
				GCC_OPTIMIZATION_LEVEL = 0;
				GCC_PREPROCESSOR_DEFINITIONS = (
					"DEBUG=1",
					"$(inherited)",
				);
				GCC_WARN_64_TO_32_BIT_CONVERSION = YES;
				GCC_WARN_ABOUT_RETURN_TYPE = YES_ERROR;
				GCC_WARN_UNDECLARED_SELECTOR = YES;
				GCC_WARN_UNINITIALIZED_AUTOS = YES_AGGRESSIVE;
				GCC_WARN_UNUSED_FUNCTION = YES;
				GCC_WARN_UNUSED_VARIABLE = YES;
				IPHONEOS_DEPLOYMENT_TARGET = 13.5;
				MTL_ENABLE_DEBUG_INFO = INCLUDE_SOURCE;
				MTL_FAST_MATH = YES;
				ONLY_ACTIVE_ARCH = YES;
				SDKROOT = iphoneos;
				SWIFT_ACTIVE_COMPILATION_CONDITIONS = DEBUG;
				SWIFT_OPTIMIZATION_LEVEL = "-Onone";
			};
			name = Debug;
		};
		40A5208524A8CBE000A1843F /* Release */ = {
			isa = XCBuildConfiguration;
			buildSettings = {
				ALWAYS_SEARCH_USER_PATHS = NO;
				CLANG_ANALYZER_NONNULL = YES;
				CLANG_ANALYZER_NUMBER_OBJECT_CONVERSION = YES_AGGRESSIVE;
				CLANG_CXX_LANGUAGE_STANDARD = "gnu++14";
				CLANG_CXX_LIBRARY = "libc++";
				CLANG_ENABLE_MODULES = YES;
				CLANG_ENABLE_OBJC_ARC = YES;
				CLANG_ENABLE_OBJC_WEAK = YES;
				CLANG_WARN_BLOCK_CAPTURE_AUTORELEASING = YES;
				CLANG_WARN_BOOL_CONVERSION = YES;
				CLANG_WARN_COMMA = YES;
				CLANG_WARN_CONSTANT_CONVERSION = YES;
				CLANG_WARN_DEPRECATED_OBJC_IMPLEMENTATIONS = YES;
				CLANG_WARN_DIRECT_OBJC_ISA_USAGE = YES_ERROR;
				CLANG_WARN_DOCUMENTATION_COMMENTS = YES;
				CLANG_WARN_EMPTY_BODY = YES;
				CLANG_WARN_ENUM_CONVERSION = YES;
				CLANG_WARN_INFINITE_RECURSION = YES;
				CLANG_WARN_INT_CONVERSION = YES;
				CLANG_WARN_NON_LITERAL_NULL_CONVERSION = YES;
				CLANG_WARN_OBJC_IMPLICIT_RETAIN_SELF = YES;
				CLANG_WARN_OBJC_LITERAL_CONVERSION = YES;
				CLANG_WARN_OBJC_ROOT_CLASS = YES_ERROR;
				CLANG_WARN_RANGE_LOOP_ANALYSIS = YES;
				CLANG_WARN_STRICT_PROTOTYPES = YES;
				CLANG_WARN_SUSPICIOUS_MOVE = YES;
				CLANG_WARN_UNGUARDED_AVAILABILITY = YES_AGGRESSIVE;
				CLANG_WARN_UNREACHABLE_CODE = YES;
				CLANG_WARN__DUPLICATE_METHOD_MATCH = YES;
				COPY_PHASE_STRIP = NO;
				DEBUG_INFORMATION_FORMAT = "dwarf-with-dsym";
				ENABLE_NS_ASSERTIONS = NO;
				ENABLE_STRICT_OBJC_MSGSEND = YES;
				GCC_C_LANGUAGE_STANDARD = gnu11;
				GCC_NO_COMMON_BLOCKS = YES;
				GCC_WARN_64_TO_32_BIT_CONVERSION = YES;
				GCC_WARN_ABOUT_RETURN_TYPE = YES_ERROR;
				GCC_WARN_UNDECLARED_SELECTOR = YES;
				GCC_WARN_UNINITIALIZED_AUTOS = YES_AGGRESSIVE;
				GCC_WARN_UNUSED_FUNCTION = YES;
				GCC_WARN_UNUSED_VARIABLE = YES;
				IPHONEOS_DEPLOYMENT_TARGET = 13.5;
				MTL_ENABLE_DEBUG_INFO = NO;
				MTL_FAST_MATH = YES;
				SDKROOT = iphoneos;
				SWIFT_COMPILATION_MODE = wholemodule;
				SWIFT_OPTIMIZATION_LEVEL = "-O";
				VALIDATE_PRODUCT = YES;
			};
			name = Release;
		};
		40A5208724A8CBE000A1843F /* Debug */ = {
			isa = XCBuildConfiguration;
			buildSettings = {
				ASSETCATALOG_COMPILER_APPICON_NAME = AppIcon;
				CODE_SIGN_STYLE = Automatic;
				DEVELOPMENT_ASSET_PATHS = "\"SWAPI-AGAIN/Preview Content\"";
				DEVELOPMENT_TEAM = TSQ43923Z9;
				ENABLE_PREVIEWS = YES;
				INFOPLIST_FILE = "SWAPI-AGAIN/Info.plist";
				LD_RUNPATH_SEARCH_PATHS = (
					"$(inherited)",
					"@executable_path/Frameworks",
				);
				PRODUCT_BUNDLE_IDENTIFIER = testing.rnmplorer;
				PRODUCT_NAME = "Rick and Morty 'Plorer";
				SWIFT_VERSION = 5.0;
				TARGETED_DEVICE_FAMILY = "1,2";
			};
			name = Debug;
		};
		40A5208824A8CBE000A1843F /* Release */ = {
			isa = XCBuildConfiguration;
			buildSettings = {
				ASSETCATALOG_COMPILER_APPICON_NAME = AppIcon;
				CODE_SIGN_STYLE = Automatic;
				DEVELOPMENT_ASSET_PATHS = "\"SWAPI-AGAIN/Preview Content\"";
				DEVELOPMENT_TEAM = TSQ43923Z9;
				ENABLE_PREVIEWS = YES;
				INFOPLIST_FILE = "SWAPI-AGAIN/Info.plist";
				LD_RUNPATH_SEARCH_PATHS = (
					"$(inherited)",
					"@executable_path/Frameworks",
				);
				PRODUCT_BUNDLE_IDENTIFIER = testing.rnmplorer;
				PRODUCT_NAME = "Rick and Morty 'Plorer";
				SWIFT_VERSION = 5.0;
				TARGETED_DEVICE_FAMILY = "1,2";
			};
			name = Release;
		};
/* End XCBuildConfiguration section */

/* Begin XCConfigurationList section */
		40A5206D24A8CBDD00A1843F /* Build configuration list for PBXProject "SWAPI-AGAIN" */ = {
			isa = XCConfigurationList;
			buildConfigurations = (
				40A5208424A8CBE000A1843F /* Debug */,
				40A5208524A8CBE000A1843F /* Release */,
			);
			defaultConfigurationIsVisible = 0;
			defaultConfigurationName = Release;
		};
		40A5208624A8CBE000A1843F /* Build configuration list for PBXNativeTarget "SWAPI-AGAIN" */ = {
			isa = XCConfigurationList;
			buildConfigurations = (
				40A5208724A8CBE000A1843F /* Debug */,
				40A5208824A8CBE000A1843F /* Release */,
			);
			defaultConfigurationIsVisible = 0;
			defaultConfigurationName = Release;
		};
/* End XCConfigurationList section */

/* Begin XCRemoteSwiftPackageReference section */
		406077DE24BFB58E005746B8 /* XCRemoteSwiftPackageReference "SwiftUI-CardStackView" */ = {
			isa = XCRemoteSwiftPackageReference;
			repositoryURL = "https://github.com/dadalar/SwiftUI-CardStackView";
			requirement = {
				kind = upToNextMajorVersion;
				minimumVersion = 0.1.0;
			};
		};
		40A5208D24A939FA00A1843F /* XCRemoteSwiftPackageReference "url-image" */ = {
			isa = XCRemoteSwiftPackageReference;
			repositoryURL = "https://github.com/dmytro-anokhin/url-image.git";
			requirement = {
				kind = upToNextMajorVersion;
				minimumVersion = 0.9.17;
			};
		};
/* End XCRemoteSwiftPackageReference section */

/* Begin XCSwiftPackageProductDependency section */
		406077DF24BFB58E005746B8 /* CardStack */ = {
			isa = XCSwiftPackageProductDependency;
			package = 406077DE24BFB58E005746B8 /* XCRemoteSwiftPackageReference "SwiftUI-CardStackView" */;
			productName = CardStack;
		};
		40A5208E24A939FA00A1843F /* URLImage */ = {
			isa = XCSwiftPackageProductDependency;
			package = 40A5208D24A939FA00A1843F /* XCRemoteSwiftPackageReference "url-image" */;
			productName = URLImage;
		};
/* End XCSwiftPackageProductDependency section */
	};
	rootObject = 40A5206A24A8CBDD00A1843F /* Project object */;
}
